
Microsoft Visual Studio Solution File, Format Version 12.00
# Visual Studio 15
VisualStudioVersion = 15.0.26730.8
MinimumVisualStudioVersion = 10.0.40219.1
Project("{FAE04EC0-301F-11D3-BF4B-00C04F79EFBC}") = "serie", "serie\serie.csproj", "{DBD918E2-6E18-4FBE-B127-9EE2F0EFA36C}"
EndProject
Global
	GlobalSection(SolutionConfigurationPlatforms) = preSolution
		Debug|Any CPU = Debug|Any CPU
		Release|Any CPU = Release|Any CPU
	EndGlobalSection
	GlobalSection(ProjectConfigurationPlatforms) = postSolution
		{DBD918E2-6E18-4FBE-B127-9EE2F0EFA36C}.Debug|Any CPU.ActiveCfg = Debug|Any CPU
		{DBD918E2-6E18-4FBE-B127-9EE2F0EFA36C}.Debug|Any CPU.Build.0 = Debug|Any CPU
		{DBD918E2-6E18-4FBE-B127-9EE2F0EFA36C}.Release|Any CPU.ActiveCfg = Release|Any CPU
		{DBD918E2-6E18-4FBE-B127-9EE2F0EFA36C}.Release|Any CPU.Build.0 = Release|Any CPU
	EndGlobalSection
	GlobalSection(SolutionProperties) = preSolution
		HideSolutionNode = FALSE
	EndGlobalSection
	GlobalSection(ExtensibilityGlobals) = postSolution
		SolutionGuid = {89AB2008-891E-42A0-A3A2-4A567EEF6F01}
	EndGlobalSection
EndGlobal
